
Microsoft Visual Studio Solution File, Format Version 12.00
# Visual Studio Version 17
VisualStudioVersion = 17.9.34723.18
MinimumVisualStudioVersion = 10.0.40219.1
Project("{FAE04EC0-301F-11D3-BF4B-00C04F79EFBC}") = "BattleshipGame", "BattleshipGame\BattleshipGame.csproj", "{30F6441B-9AB4-4962-9EDA-0AA4C80B85F2}"
EndProject
Global
	GlobalSection(SolutionConfigurationPlatforms) = preSolution
		Debug|Any CPU = Debug|Any CPU
		Release|Any CPU = Release|Any CPU
	EndGlobalSection
	GlobalSection(ProjectConfigurationPlatforms) = postSolution
		{30F6441B-9AB4-4962-9EDA-0AA4C80B85F2}.Debug|Any CPU.ActiveCfg = Debug|Any CPU
		{30F6441B-9AB4-4962-9EDA-0AA4C80B85F2}.Debug|Any CPU.Build.0 = Debug|Any CPU
		{30F6441B-9AB4-4962-9EDA-0AA4C80B85F2}.Release|Any CPU.ActiveCfg = Release|Any CPU
		{30F6441B-9AB4-4962-9EDA-0AA4C80B85F2}.Release|Any CPU.Build.0 = Release|Any CPU
	EndGlobalSection
	GlobalSection(SolutionProperties) = preSolution
		HideSolutionNode = FALSE
	EndGlobalSection
	GlobalSection(ExtensibilityGlobals) = postSolution
		SolutionGuid = {5A34197E-9E56-4F6E-84B8-D1EA0D71B982}
	EndGlobalSection
EndGlobal
